// !$*UTF8*$!
{
	archiveVersion = 1;
	classes = {
	};
	objectVersion = 50;
	objects = {

/* Begin PBXBuildFile section */
		0F55FB782280ABA2003351DE /* Coordinator.swift in Sources */ = {isa = PBXBuildFile; fileRef = 0F55FB772280ABA2003351DE /* Coordinator.swift */; };
		0F87C0612281861F00910EA7 /* CatBreedsViewModel.swift in Sources */ = {isa = PBXBuildFile; fileRef = 0F87C0602281861F00910EA7 /* CatBreedsViewModel.swift */; };
		0F87C0632281864300910EA7 /* CatBreedDetailsViewModel.swift in Sources */ = {isa = PBXBuildFile; fileRef = 0F87C0622281864300910EA7 /* CatBreedDetailsViewModel.swift */; };
		0F87C06522819EF400910EA7 /* CatBreedsViewModelImpl.swift in Sources */ = {isa = PBXBuildFile; fileRef = 0F87C06422819EF400910EA7 /* CatBreedsViewModelImpl.swift */; };
		0F87C0682281A1FB00910EA7 /* CatBreedDetailsViewModelImpl.swift in Sources */ = {isa = PBXBuildFile; fileRef = 0F87C0672281A1FB00910EA7 /* CatBreedDetailsViewModelImpl.swift */; };
		0F87C06C2281A6C300910EA7 /* CatBreedTableViewCell.swift in Sources */ = {isa = PBXBuildFile; fileRef = 0F87C06B2281A6C300910EA7 /* CatBreedTableViewCell.swift */; };
		0F896A4B2280A8EC001DC6ED /* AppCoordinator.swift in Sources */ = {isa = PBXBuildFile; fileRef = 0F896A4A2280A8EC001DC6ED /* AppCoordinator.swift */; };
		0F9873D5228037600075AB2B /* AppDelegate.swift in Sources */ = {isa = PBXBuildFile; fileRef = 0F9873D4228037600075AB2B /* AppDelegate.swift */; };
		0F9873D7228037600075AB2B /* CatBreedsViewController.swift in Sources */ = {isa = PBXBuildFile; fileRef = 0F9873D6228037600075AB2B /* CatBreedsViewController.swift */; };
		0F9873DC228037620075AB2B /* Assets.xcassets in Resources */ = {isa = PBXBuildFile; fileRef = 0F9873DB228037620075AB2B /* Assets.xcassets */; };
		0F9873EA228037620075AB2B /* CatFactsTests.swift in Sources */ = {isa = PBXBuildFile; fileRef = 0F9873E9228037620075AB2B /* CatFactsTests.swift */; };
		0FAB95BF2280A3E900BCD392 /* LaunchScreen.storyboard in Resources */ = {isa = PBXBuildFile; fileRef = 0FAB95BB2280A3E900BCD392 /* LaunchScreen.storyboard */; };
		0FAB95C32280A41800BCD392 /* Localizable.strings in Resources */ = {isa = PBXBuildFile; fileRef = 0FAB95C12280A41800BCD392 /* Localizable.strings */; };
		C284C6B04B54B418DA964AE8 /* Pods_CatFacts_CatFactsTests.framework in Frameworks */ = {isa = PBXBuildFile; fileRef = DB4A604D475F3726B111C768 /* Pods_CatFacts_CatFactsTests.framework */; };
		EA7B2E4222807B880086E4F5 /* CatBreed.swift in Sources */ = {isa = PBXBuildFile; fileRef = EA7B2E4122807B880086E4F5 /* CatBreed.swift */; };
		EA7B2E452280921E0086E4F5 /* AppError.swift in Sources */ = {isa = PBXBuildFile; fileRef = EA7B2E442280921E0086E4F5 /* AppError.swift */; };
		EA7B2E4A2280D9D00086E4F5 /* CatBreedTests.swift in Sources */ = {isa = PBXBuildFile; fileRef = EA7B2E492280D9D00086E4F5 /* CatBreedTests.swift */; };
		EA7B2E4D2280DA050086E4F5 /* SampleData.swift in Sources */ = {isa = PBXBuildFile; fileRef = EA7B2E4C2280DA050086E4F5 /* SampleData.swift */; };
		EA7B2E532280E47A0086E4F5 /* AppContext.swift in Sources */ = {isa = PBXBuildFile; fileRef = EA7B2E522280E47A0086E4F5 /* AppContext.swift */; };
		EA7B2E552280E4EC0086E4F5 /* NetworkProvider.swift in Sources */ = {isa = PBXBuildFile; fileRef = EA7B2E542280E4EC0086E4F5 /* NetworkProvider.swift */; };
		EA7B2E582280E8A80086E4F5 /* NetworkProviderMock.swift in Sources */ = {isa = PBXBuildFile; fileRef = EA7B2E562280E6480086E4F5 /* NetworkProviderMock.swift */; };
		EA7B2E592280E93D0086E4F5 /* SampleData.swift in Sources */ = {isa = PBXBuildFile; fileRef = EA7B2E4C2280DA050086E4F5 /* SampleData.swift */; };
		EA7B2E5C2280ED9A0086E4F5 /* NetworkProviderMock.swift in Sources */ = {isa = PBXBuildFile; fileRef = EA7B2E562280E6480086E4F5 /* NetworkProviderMock.swift */; };
		EA7B2E5F2281D6630086E4F5 /* NetworkProviderImpl.swift in Sources */ = {isa = PBXBuildFile; fileRef = EA7B2E5E2281D6630086E4F5 /* NetworkProviderImpl.swift */; };
		EA7B2E612281E3F10086E4F5 /* CatBreedResponse.swift in Sources */ = {isa = PBXBuildFile; fileRef = EA7B2E602281E3F10086E4F5 /* CatBreedResponse.swift */; };
		EAFE014222820529007DD0B0 /* assets-images.swift in Sources */ = {isa = PBXBuildFile; fileRef = EAFE014022820528007DD0B0 /* assets-images.swift */; };
		EAFE014322820529007DD0B0 /* strings.swift in Sources */ = {isa = PBXBuildFile; fileRef = EAFE014122820528007DD0B0 /* strings.swift */; };
		F143316D4DF5FBE161643D23 /* Pods_CatFacts.framework in Frameworks */ = {isa = PBXBuildFile; fileRef = 11C81810475797F635CD655D /* Pods_CatFacts.framework */; };
/* End PBXBuildFile section */

/* Begin PBXContainerItemProxy section */
		0F9873E6228037620075AB2B /* PBXContainerItemProxy */ = {
			isa = PBXContainerItemProxy;
			containerPortal = 0F9873C9228037600075AB2B /* Project object */;
			proxyType = 1;
			remoteGlobalIDString = 0F9873D0228037600075AB2B;
			remoteInfo = CatFacts;
		};
/* End PBXContainerItemProxy section */

/* Begin PBXFileReference section */
		0F55FB772280ABA2003351DE /* Coordinator.swift */ = {isa = PBXFileReference; lastKnownFileType = sourcecode.swift; path = Coordinator.swift; sourceTree = "<group>"; };
		0F87C0602281861F00910EA7 /* CatBreedsViewModel.swift */ = {isa = PBXFileReference; lastKnownFileType = sourcecode.swift; path = CatBreedsViewModel.swift; sourceTree = "<group>"; };
		0F87C0622281864300910EA7 /* CatBreedDetailsViewModel.swift */ = {isa = PBXFileReference; lastKnownFileType = sourcecode.swift; path = CatBreedDetailsViewModel.swift; sourceTree = "<group>"; };
		0F87C06422819EF400910EA7 /* CatBreedsViewModelImpl.swift */ = {isa = PBXFileReference; lastKnownFileType = sourcecode.swift; path = CatBreedsViewModelImpl.swift; sourceTree = "<group>"; };
		0F87C0672281A1FB00910EA7 /* CatBreedDetailsViewModelImpl.swift */ = {isa = PBXFileReference; lastKnownFileType = sourcecode.swift; path = CatBreedDetailsViewModelImpl.swift; sourceTree = "<group>"; };
		0F87C06B2281A6C300910EA7 /* CatBreedTableViewCell.swift */ = {isa = PBXFileReference; lastKnownFileType = sourcecode.swift; path = CatBreedTableViewCell.swift; sourceTree = "<group>"; };
		0F896A4A2280A8EC001DC6ED /* AppCoordinator.swift */ = {isa = PBXFileReference; lastKnownFileType = sourcecode.swift; path = AppCoordinator.swift; sourceTree = "<group>"; };
		0F9873D1228037600075AB2B /* CatFacts.app */ = {isa = PBXFileReference; explicitFileType = wrapper.application; includeInIndex = 0; path = CatFacts.app; sourceTree = BUILT_PRODUCTS_DIR; };
		0F9873D4228037600075AB2B /* AppDelegate.swift */ = {isa = PBXFileReference; lastKnownFileType = sourcecode.swift; path = AppDelegate.swift; sourceTree = "<group>"; };
		0F9873D6228037600075AB2B /* CatBreedsViewController.swift */ = {isa = PBXFileReference; lastKnownFileType = sourcecode.swift; path = CatBreedsViewController.swift; sourceTree = "<group>"; };
		0F9873DB228037620075AB2B /* Assets.xcassets */ = {isa = PBXFileReference; lastKnownFileType = folder.assetcatalog; path = Assets.xcassets; sourceTree = "<group>"; };
		0F9873E0228037620075AB2B /* Info.plist */ = {isa = PBXFileReference; lastKnownFileType = text.plist.xml; path = Info.plist; sourceTree = "<group>"; };
		0F9873E5228037620075AB2B /* CatFactsTests.xctest */ = {isa = PBXFileReference; explicitFileType = wrapper.cfbundle; includeInIndex = 0; path = CatFactsTests.xctest; sourceTree = BUILT_PRODUCTS_DIR; };
		0F9873E9228037620075AB2B /* CatFactsTests.swift */ = {isa = PBXFileReference; lastKnownFileType = sourcecode.swift; path = CatFactsTests.swift; sourceTree = "<group>"; };
		0F9873EB228037620075AB2B /* Info.plist */ = {isa = PBXFileReference; lastKnownFileType = text.plist.xml; path = Info.plist; sourceTree = "<group>"; };
		0FAB95BC2280A3E900BCD392 /* Base */ = {isa = PBXFileReference; lastKnownFileType = file.storyboard; name = Base; path = LaunchScreen.storyboard; sourceTree = "<group>"; };
		0FAB95C22280A41800BCD392 /* Base */ = {isa = PBXFileReference; lastKnownFileType = text.plist.strings; name = Base; path = Localizable.strings; sourceTree = "<group>"; };
		10785681283AC5123FE5B527 /* Pods-CatFacts-CatFactsTests.debug.xcconfig */ = {isa = PBXFileReference; includeInIndex = 1; lastKnownFileType = text.xcconfig; name = "Pods-CatFacts-CatFactsTests.debug.xcconfig"; path = "Target Support Files/Pods-CatFacts-CatFactsTests/Pods-CatFacts-CatFactsTests.debug.xcconfig"; sourceTree = "<group>"; };
		11C81810475797F635CD655D /* Pods_CatFacts.framework */ = {isa = PBXFileReference; explicitFileType = wrapper.framework; includeInIndex = 0; path = Pods_CatFacts.framework; sourceTree = BUILT_PRODUCTS_DIR; };
		6C43AE9063032E114AC63B24 /* Pods-CatFacts.release.xcconfig */ = {isa = PBXFileReference; includeInIndex = 1; lastKnownFileType = text.xcconfig; name = "Pods-CatFacts.release.xcconfig"; path = "Target Support Files/Pods-CatFacts/Pods-CatFacts.release.xcconfig"; sourceTree = "<group>"; };
		7A59C02656AE6682CC7C293B /* Pods-CatFacts-CatFactsTests.release.xcconfig */ = {isa = PBXFileReference; includeInIndex = 1; lastKnownFileType = text.xcconfig; name = "Pods-CatFacts-CatFactsTests.release.xcconfig"; path = "Target Support Files/Pods-CatFacts-CatFactsTests/Pods-CatFacts-CatFactsTests.release.xcconfig"; sourceTree = "<group>"; };
		95B053DB94C60AA5CB378404 /* Pods-CatFacts.debug.xcconfig */ = {isa = PBXFileReference; includeInIndex = 1; lastKnownFileType = text.xcconfig; name = "Pods-CatFacts.debug.xcconfig"; path = "Target Support Files/Pods-CatFacts/Pods-CatFacts.debug.xcconfig"; sourceTree = "<group>"; };
		DB4A604D475F3726B111C768 /* Pods_CatFacts_CatFactsTests.framework */ = {isa = PBXFileReference; explicitFileType = wrapper.framework; includeInIndex = 0; path = Pods_CatFacts_CatFactsTests.framework; sourceTree = BUILT_PRODUCTS_DIR; };
		EA7B2E4122807B880086E4F5 /* CatBreed.swift */ = {isa = PBXFileReference; lastKnownFileType = sourcecode.swift; path = CatBreed.swift; sourceTree = "<group>"; };
		EA7B2E442280921E0086E4F5 /* AppError.swift */ = {isa = PBXFileReference; lastKnownFileType = sourcecode.swift; path = AppError.swift; sourceTree = "<group>"; };
		EA7B2E492280D9D00086E4F5 /* CatBreedTests.swift */ = {isa = PBXFileReference; lastKnownFileType = sourcecode.swift; path = CatBreedTests.swift; sourceTree = "<group>"; };
		EA7B2E4C2280DA050086E4F5 /* SampleData.swift */ = {isa = PBXFileReference; lastKnownFileType = sourcecode.swift; path = SampleData.swift; sourceTree = "<group>"; };
		EA7B2E522280E47A0086E4F5 /* AppContext.swift */ = {isa = PBXFileReference; lastKnownFileType = sourcecode.swift; path = AppContext.swift; sourceTree = "<group>"; };
		EA7B2E542280E4EC0086E4F5 /* NetworkProvider.swift */ = {isa = PBXFileReference; lastKnownFileType = sourcecode.swift; path = NetworkProvider.swift; sourceTree = "<group>"; };
		EA7B2E562280E6480086E4F5 /* NetworkProviderMock.swift */ = {isa = PBXFileReference; lastKnownFileType = sourcecode.swift; path = NetworkProviderMock.swift; sourceTree = "<group>"; };
		EA7B2E5E2281D6630086E4F5 /* NetworkProviderImpl.swift */ = {isa = PBXFileReference; lastKnownFileType = sourcecode.swift; path = NetworkProviderImpl.swift; sourceTree = "<group>"; };
		EA7B2E602281E3F10086E4F5 /* CatBreedResponse.swift */ = {isa = PBXFileReference; lastKnownFileType = sourcecode.swift; path = CatBreedResponse.swift; sourceTree = "<group>"; };
		EAFE014022820528007DD0B0 /* assets-images.swift */ = {isa = PBXFileReference; fileEncoding = 4; lastKnownFileType = sourcecode.swift; path = "assets-images.swift"; sourceTree = "<group>"; };
		EAFE014122820528007DD0B0 /* strings.swift */ = {isa = PBXFileReference; fileEncoding = 4; lastKnownFileType = sourcecode.swift; path = strings.swift; sourceTree = "<group>"; };
/* End PBXFileReference section */

/* Begin PBXFrameworksBuildPhase section */
		0F9873CE228037600075AB2B /* Frameworks */ = {
			isa = PBXFrameworksBuildPhase;
			buildActionMask = 2147483647;
			files = (
				F143316D4DF5FBE161643D23 /* Pods_CatFacts.framework in Frameworks */,
			);
			runOnlyForDeploymentPostprocessing = 0;
		};
		0F9873E2228037620075AB2B /* Frameworks */ = {
			isa = PBXFrameworksBuildPhase;
			buildActionMask = 2147483647;
			files = (
				C284C6B04B54B418DA964AE8 /* Pods_CatFacts_CatFactsTests.framework in Frameworks */,
			);
			runOnlyForDeploymentPostprocessing = 0;
		};
/* End PBXFrameworksBuildPhase section */

/* Begin PBXGroup section */
		0F55FB762280AB89003351DE /* Protocols */ = {
			isa = PBXGroup;
			children = (
				0F55FB772280ABA2003351DE /* Coordinator.swift */,
			);
			path = Protocols;
			sourceTree = "<group>";
		};
		0F87C05F228185CF00910EA7 /* ViewModels */ = {
			isa = PBXGroup;
			children = (
				EA7B2E5D2281C5610086E4F5 /* CatBreeds */,
			);
			path = ViewModels;
			sourceTree = "<group>";
		};
		0F87C06A2281A69200910EA7 /* Views */ = {
			isa = PBXGroup;
			children = (
				0F87C06B2281A6C300910EA7 /* CatBreedTableViewCell.swift */,
			);
			path = Views;
			sourceTree = "<group>";
		};
		0F896A492280A8AE001DC6ED /* Coordinators */ = {
			isa = PBXGroup;
			children = (
				0F896A4A2280A8EC001DC6ED /* AppCoordinator.swift */,
			);
			path = Coordinators;
			sourceTree = "<group>";
		};
		0F9873C8228037600075AB2B = {
			isa = PBXGroup;
			children = (
				0F9873D3228037600075AB2B /* CatFacts */,
				0F9873D4228037600075AB2B /* AppDelegate.swift */,
				0F9873E8228037620075AB2B /* CatFactsTests */,
				0F9873D2228037600075AB2B /* Products */,
				C92CA0608196993D92018884 /* Pods */,
				485A0E23A3526AB8B0FBF3C0 /* Frameworks */,
			);
			sourceTree = "<group>";
		};
		0F9873D2228037600075AB2B /* Products */ = {
			isa = PBXGroup;
			children = (
				0F9873D1228037600075AB2B /* CatFacts.app */,
				0F9873E5228037620075AB2B /* CatFactsTests.xctest */,
			);
			name = Products;
			sourceTree = "<group>";
		};
		0F9873D3228037600075AB2B /* CatFacts */ = {
			isa = PBXGroup;
			children = (
				EA7B2E512280E4570086E4F5 /* Context */,
				EA7B2E3F228079150086E4F5 /* Models */,
				0F896A492280A8AE001DC6ED /* Coordinators */,
				0FAB95B12280A30200BCD392 /* Generated */,
				0F55FB762280AB89003351DE /* Protocols */,
				0F9873F4228037B00075AB2B /* Resources */,
				0F87C06A2281A69200910EA7 /* Views */,
				0F9873F5228037BD0075AB2B /* ViewControllers */,
				0F87C05F228185CF00910EA7 /* ViewModels */,
			);
			path = CatFacts;
			sourceTree = "<group>";
		};
		0F9873E8228037620075AB2B /* CatFactsTests */ = {
			isa = PBXGroup;
			children = (
				EA7B2E4B2280D9DC0086E4F5 /* Utils */,
				0F9873E9228037620075AB2B /* CatFactsTests.swift */,
				0F9873EB228037620075AB2B /* Info.plist */,
				EA7B2E492280D9D00086E4F5 /* CatBreedTests.swift */,
			);
			path = CatFactsTests;
			sourceTree = "<group>";
		};
		0F9873F4228037B00075AB2B /* Resources */ = {
			isa = PBXGroup;
			children = (
				0FAB95BA2280A3E900BCD392 /* Base.lproj */,
				0F9873DB228037620075AB2B /* Assets.xcassets */,
				0F9873E0228037620075AB2B /* Info.plist */,
			);
			path = Resources;
			sourceTree = "<group>";
		};
		0F9873F5228037BD0075AB2B /* ViewControllers */ = {
			isa = PBXGroup;
			children = (
				0F9873D6228037600075AB2B /* CatBreedsViewController.swift */,
			);
			path = ViewControllers;
			sourceTree = "<group>";
		};
		0FAB95B12280A30200BCD392 /* Generated */ = {
			isa = PBXGroup;
			children = (
				EAFE014022820528007DD0B0 /* assets-images.swift */,
				EAFE014122820528007DD0B0 /* strings.swift */,
			);
			path = Generated;
			sourceTree = "<group>";
		};
		0FAB95BA2280A3E900BCD392 /* Base.lproj */ = {
			isa = PBXGroup;
			children = (
				0FAB95BB2280A3E900BCD392 /* LaunchScreen.storyboard */,
				0FAB95C12280A41800BCD392 /* Localizable.strings */,
			);
			path = Base.lproj;
			sourceTree = "<group>";
		};
		485A0E23A3526AB8B0FBF3C0 /* Frameworks */ = {
			isa = PBXGroup;
			children = (
				11C81810475797F635CD655D /* Pods_CatFacts.framework */,
				DB4A604D475F3726B111C768 /* Pods_CatFacts_CatFactsTests.framework */,
			);
			name = Frameworks;
			sourceTree = "<group>";
		};
		C92CA0608196993D92018884 /* Pods */ = {
			isa = PBXGroup;
			children = (
				95B053DB94C60AA5CB378404 /* Pods-CatFacts.debug.xcconfig */,
				6C43AE9063032E114AC63B24 /* Pods-CatFacts.release.xcconfig */,
				10785681283AC5123FE5B527 /* Pods-CatFacts-CatFactsTests.debug.xcconfig */,
				7A59C02656AE6682CC7C293B /* Pods-CatFacts-CatFactsTests.release.xcconfig */,
			);
			path = Pods;
			sourceTree = "<group>";
		};
		EA7B2E3F228079150086E4F5 /* Models */ = {
			isa = PBXGroup;
			children = (
				EA7B2E4122807B880086E4F5 /* CatBreed.swift */,
				EA7B2E442280921E0086E4F5 /* AppError.swift */,
				EA7B2E602281E3F10086E4F5 /* CatBreedResponse.swift */,
			);
			path = Models;
			sourceTree = "<group>";
		};
		EA7B2E4B2280D9DC0086E4F5 /* Utils */ = {
			isa = PBXGroup;
			children = (
				EA7B2E4C2280DA050086E4F5 /* SampleData.swift */,
				EA7B2E562280E6480086E4F5 /* NetworkProviderMock.swift */,
			);
			path = Utils;
			sourceTree = "<group>";
		};
		EA7B2E512280E4570086E4F5 /* Context */ = {
			isa = PBXGroup;
			children = (
				EA7B2E522280E47A0086E4F5 /* AppContext.swift */,
				EA7B2E542280E4EC0086E4F5 /* NetworkProvider.swift */,
				EA7B2E5E2281D6630086E4F5 /* NetworkProviderImpl.swift */,
			);
			path = Context;
			sourceTree = "<group>";
		};
		EA7B2E5D2281C5610086E4F5 /* CatBreeds */ = {
			isa = PBXGroup;
			children = (
				0F87C0602281861F00910EA7 /* CatBreedsViewModel.swift */,
				0F87C06422819EF400910EA7 /* CatBreedsViewModelImpl.swift */,
				0F87C0622281864300910EA7 /* CatBreedDetailsViewModel.swift */,
				0F87C0672281A1FB00910EA7 /* CatBreedDetailsViewModelImpl.swift */,
			);
			path = CatBreeds;
			sourceTree = "<group>";
		};
/* End PBXGroup section */

/* Begin PBXNativeTarget section */
		0F9873D0228037600075AB2B /* CatFacts */ = {
			isa = PBXNativeTarget;
			buildConfigurationList = 0F9873EE228037620075AB2B /* Build configuration list for PBXNativeTarget "CatFacts" */;
			buildPhases = (
				2D8D6946E2325406AB716CD2 /* [CP] Check Pods Manifest.lock */,
				0F9873CD228037600075AB2B /* Sources */,
				0F9873CE228037600075AB2B /* Frameworks */,
				0F9873CF228037600075AB2B /* Resources */,
				6EDFBEF3B20B2397EEBF03B4 /* [CP] Embed Pods Frameworks */,
				0FAB95AF2280A13000BCD392 /* SwiftLint */,
				0FAB95B02280A22000BCD392 /* SwiftGen */,
			);
			buildRules = (
			);
			dependencies = (
			);
			name = CatFacts;
			productName = CatFacts;
			productReference = 0F9873D1228037600075AB2B /* CatFacts.app */;
			productType = "com.apple.product-type.application";
		};
		0F9873E4228037620075AB2B /* CatFactsTests */ = {
			isa = PBXNativeTarget;
			buildConfigurationList = 0F9873F1228037620075AB2B /* Build configuration list for PBXNativeTarget "CatFactsTests" */;
			buildPhases = (
				A1983DA42FD138D32D998B9F /* [CP] Check Pods Manifest.lock */,
				0F9873E1228037620075AB2B /* Sources */,
				0F9873E2228037620075AB2B /* Frameworks */,
				0F9873E3228037620075AB2B /* Resources */,
				ED954A17161FABCC37E211EC /* [CP] Embed Pods Frameworks */,
			);
			buildRules = (
			);
			dependencies = (
				0F9873E7228037620075AB2B /* PBXTargetDependency */,
			);
			name = CatFactsTests;
			productName = CatFactsTests;
			productReference = 0F9873E5228037620075AB2B /* CatFactsTests.xctest */;
			productType = "com.apple.product-type.bundle.unit-test";
		};
/* End PBXNativeTarget section */

/* Begin PBXProject section */
		0F9873C9228037600075AB2B /* Project object */ = {
			isa = PBXProject;
			attributes = {
				LastSwiftUpdateCheck = 1010;
				LastUpgradeCheck = 1010;
				ORGANIZATIONNAME = SwingDev;
				TargetAttributes = {
					0F9873D0228037600075AB2B = {
						CreatedOnToolsVersion = 10.1;
					};
					0F9873E4228037620075AB2B = {
						CreatedOnToolsVersion = 10.1;
						TestTargetID = 0F9873D0228037600075AB2B;
					};
				};
			};
			buildConfigurationList = 0F9873CC228037600075AB2B /* Build configuration list for PBXProject "CatFacts" */;
			compatibilityVersion = "Xcode 9.3";
			developmentRegion = en;
			hasScannedForEncodings = 0;
			knownRegions = (
				en,
				Base,
			);
			mainGroup = 0F9873C8228037600075AB2B;
			productRefGroup = 0F9873D2228037600075AB2B /* Products */;
			projectDirPath = "";
			projectRoot = "";
			targets = (
				0F9873D0228037600075AB2B /* CatFacts */,
				0F9873E4228037620075AB2B /* CatFactsTests */,
			);
		};
/* End PBXProject section */

/* Begin PBXResourcesBuildPhase section */
		0F9873CF228037600075AB2B /* Resources */ = {
			isa = PBXResourcesBuildPhase;
			buildActionMask = 2147483647;
			files = (
				0FAB95BF2280A3E900BCD392 /* LaunchScreen.storyboard in Resources */,
				0FAB95C32280A41800BCD392 /* Localizable.strings in Resources */,
				0F9873DC228037620075AB2B /* Assets.xcassets in Resources */,
			);
			runOnlyForDeploymentPostprocessing = 0;
		};
		0F9873E3228037620075AB2B /* Resources */ = {
			isa = PBXResourcesBuildPhase;
			buildActionMask = 2147483647;
			files = (
			);
			runOnlyForDeploymentPostprocessing = 0;
		};
/* End PBXResourcesBuildPhase section */

/* Begin PBXShellScriptBuildPhase section */
		0FAB95AF2280A13000BCD392 /* SwiftLint */ = {
			isa = PBXShellScriptBuildPhase;
			buildActionMask = 2147483647;
			files = (
			);
			inputFileListPaths = (
			);
			inputPaths = (
			);
			name = SwiftLint;
			outputFileListPaths = (
			);
			outputPaths = (
			);
			runOnlyForDeploymentPostprocessing = 0;
			shellPath = /bin/sh;
			shellScript = "\"${PODS_ROOT}/SwiftLint/swiftlint\"\n";
		};
		0FAB95B02280A22000BCD392 /* SwiftGen */ = {
			isa = PBXShellScriptBuildPhase;
			buildActionMask = 2147483647;
			files = (
			);
			inputFileListPaths = (
			);
			inputPaths = (
			);
			name = SwiftGen;
			outputFileListPaths = (
			);
			outputPaths = (
			);
			runOnlyForDeploymentPostprocessing = 0;
			shellPath = /bin/sh;
			shellScript = "$PODS_ROOT/SwiftGen/bin/swiftgen config run\n";
		};
		2D8D6946E2325406AB716CD2 /* [CP] Check Pods Manifest.lock */ = {
			isa = PBXShellScriptBuildPhase;
			buildActionMask = 2147483647;
			files = (
			);
			inputFileListPaths = (
			);
			inputPaths = (
				"${PODS_PODFILE_DIR_PATH}/Podfile.lock",
				"${PODS_ROOT}/Manifest.lock",
			);
			name = "[CP] Check Pods Manifest.lock";
			outputFileListPaths = (
			);
			outputPaths = (
				"$(DERIVED_FILE_DIR)/Pods-CatFacts-checkManifestLockResult.txt",
			);
			runOnlyForDeploymentPostprocessing = 0;
			shellPath = /bin/sh;
			shellScript = "diff \"${PODS_PODFILE_DIR_PATH}/Podfile.lock\" \"${PODS_ROOT}/Manifest.lock\" > /dev/null\nif [ $? != 0 ] ; then\n    # print error to STDERR\n    echo \"error: The sandbox is not in sync with the Podfile.lock. Run 'pod install' or update your CocoaPods installation.\" >&2\n    exit 1\nfi\n# This output is used by Xcode 'outputs' to avoid re-running this script phase.\necho \"SUCCESS\" > \"${SCRIPT_OUTPUT_FILE_0}\"\n";
			showEnvVarsInLog = 0;
		};
		6EDFBEF3B20B2397EEBF03B4 /* [CP] Embed Pods Frameworks */ = {
			isa = PBXShellScriptBuildPhase;
			buildActionMask = 2147483647;
			files = (
			);
			inputFileListPaths = (
			);
			inputPaths = (
				"${PODS_ROOT}/Target Support Files/Pods-CatFacts/Pods-CatFacts-frameworks.sh",
				"${BUILT_PRODUCTS_DIR}/Alamofire/Alamofire.framework",
				"${BUILT_PRODUCTS_DIR}/MBProgressHUD/MBProgressHUD.framework",
				"${BUILT_PRODUCTS_DIR}/PureLayout/PureLayout.framework",
				"${BUILT_PRODUCTS_DIR}/RxAlamofire/RxAlamofire.framework",
				"${BUILT_PRODUCTS_DIR}/RxCocoa/RxCocoa.framework",
				"${BUILT_PRODUCTS_DIR}/RxSwift/RxSwift.framework",
				"${BUILT_PRODUCTS_DIR}/SwiftyJSON/SwiftyJSON.framework",
			);
			name = "[CP] Embed Pods Frameworks";
			outputFileListPaths = (
			);
			outputPaths = (
				"${TARGET_BUILD_DIR}/${FRAMEWORKS_FOLDER_PATH}/Alamofire.framework",
				"${TARGET_BUILD_DIR}/${FRAMEWORKS_FOLDER_PATH}/MBProgressHUD.framework",
				"${TARGET_BUILD_DIR}/${FRAMEWORKS_FOLDER_PATH}/PureLayout.framework",
				"${TARGET_BUILD_DIR}/${FRAMEWORKS_FOLDER_PATH}/RxAlamofire.framework",
				"${TARGET_BUILD_DIR}/${FRAMEWORKS_FOLDER_PATH}/RxCocoa.framework",
				"${TARGET_BUILD_DIR}/${FRAMEWORKS_FOLDER_PATH}/RxSwift.framework",
				"${TARGET_BUILD_DIR}/${FRAMEWORKS_FOLDER_PATH}/SwiftyJSON.framework",
			);
			runOnlyForDeploymentPostprocessing = 0;
			shellPath = /bin/sh;
			shellScript = "\"${PODS_ROOT}/Target Support Files/Pods-CatFacts/Pods-CatFacts-frameworks.sh\"\n";
			showEnvVarsInLog = 0;
		};
		A1983DA42FD138D32D998B9F /* [CP] Check Pods Manifest.lock */ = {
			isa = PBXShellScriptBuildPhase;
			buildActionMask = 2147483647;
			files = (
			);
			inputFileListPaths = (
			);
			inputPaths = (
				"${PODS_PODFILE_DIR_PATH}/Podfile.lock",
				"${PODS_ROOT}/Manifest.lock",
			);
			name = "[CP] Check Pods Manifest.lock";
			outputFileListPaths = (
			);
			outputPaths = (
				"$(DERIVED_FILE_DIR)/Pods-CatFacts-CatFactsTests-checkManifestLockResult.txt",
			);
			runOnlyForDeploymentPostprocessing = 0;
			shellPath = /bin/sh;
			shellScript = "diff \"${PODS_PODFILE_DIR_PATH}/Podfile.lock\" \"${PODS_ROOT}/Manifest.lock\" > /dev/null\nif [ $? != 0 ] ; then\n    # print error to STDERR\n    echo \"error: The sandbox is not in sync with the Podfile.lock. Run 'pod install' or update your CocoaPods installation.\" >&2\n    exit 1\nfi\n# This output is used by Xcode 'outputs' to avoid re-running this script phase.\necho \"SUCCESS\" > \"${SCRIPT_OUTPUT_FILE_0}\"\n";
			showEnvVarsInLog = 0;
		};
		ED954A17161FABCC37E211EC /* [CP] Embed Pods Frameworks */ = {
			isa = PBXShellScriptBuildPhase;
			buildActionMask = 2147483647;
			files = (
			);
			inputFileListPaths = (
			);
			inputPaths = (
				"${PODS_ROOT}/Target Support Files/Pods-CatFacts-CatFactsTests/Pods-CatFacts-CatFactsTests-frameworks.sh",
				"${BUILT_PRODUCTS_DIR}/Alamofire/Alamofire.framework",
				"${BUILT_PRODUCTS_DIR}/MBProgressHUD/MBProgressHUD.framework",
				"${BUILT_PRODUCTS_DIR}/PureLayout/PureLayout.framework",
				"${BUILT_PRODUCTS_DIR}/RxAlamofire/RxAlamofire.framework",
				"${BUILT_PRODUCTS_DIR}/RxCocoa/RxCocoa.framework",
				"${BUILT_PRODUCTS_DIR}/RxSwift/RxSwift.framework",
				"${BUILT_PRODUCTS_DIR}/SwiftyJSON/SwiftyJSON.framework",
				"${BUILT_PRODUCTS_DIR}/Nimble/Nimble.framework",
				"${BUILT_PRODUCTS_DIR}/Nimble-Snapshots/Nimble_Snapshots.framework",
				"${BUILT_PRODUCTS_DIR}/iOSSnapshotTestCase/FBSnapshotTestCase.framework",
			);
			name = "[CP] Embed Pods Frameworks";
			outputFileListPaths = (
			);
			outputPaths = (
				"${TARGET_BUILD_DIR}/${FRAMEWORKS_FOLDER_PATH}/Alamofire.framework",
				"${TARGET_BUILD_DIR}/${FRAMEWORKS_FOLDER_PATH}/MBProgressHUD.framework",
				"${TARGET_BUILD_DIR}/${FRAMEWORKS_FOLDER_PATH}/PureLayout.framework",
				"${TARGET_BUILD_DIR}/${FRAMEWORKS_FOLDER_PATH}/RxAlamofire.framework",
				"${TARGET_BUILD_DIR}/${FRAMEWORKS_FOLDER_PATH}/RxCocoa.framework",
				"${TARGET_BUILD_DIR}/${FRAMEWORKS_FOLDER_PATH}/RxSwift.framework",
				"${TARGET_BUILD_DIR}/${FRAMEWORKS_FOLDER_PATH}/SwiftyJSON.framework",
				"${TARGET_BUILD_DIR}/${FRAMEWORKS_FOLDER_PATH}/Nimble.framework",
				"${TARGET_BUILD_DIR}/${FRAMEWORKS_FOLDER_PATH}/Nimble_Snapshots.framework",
				"${TARGET_BUILD_DIR}/${FRAMEWORKS_FOLDER_PATH}/FBSnapshotTestCase.framework",
			);
			runOnlyForDeploymentPostprocessing = 0;
			shellPath = /bin/sh;
			shellScript = "\"${PODS_ROOT}/Target Support Files/Pods-CatFacts-CatFactsTests/Pods-CatFacts-CatFactsTests-frameworks.sh\"\n";
			showEnvVarsInLog = 0;
		};
/* End PBXShellScriptBuildPhase section */

/* Begin PBXSourcesBuildPhase section */
		0F9873CD228037600075AB2B /* Sources */ = {
			isa = PBXSourcesBuildPhase;
			buildActionMask = 2147483647;
			files = (
				EA7B2E452280921E0086E4F5 /* AppError.swift in Sources */,
				EA7B2E532280E47A0086E4F5 /* AppContext.swift in Sources */,
				0F87C0612281861F00910EA7 /* CatBreedsViewModel.swift in Sources */,
				0F87C0682281A1FB00910EA7 /* CatBreedDetailsViewModelImpl.swift in Sources */,
				EAFE014222820529007DD0B0 /* assets-images.swift in Sources */,
				EAFE014322820529007DD0B0 /* strings.swift in Sources */,
				EA7B2E4222807B880086E4F5 /* CatBreed.swift in Sources */,
				EA7B2E582280E8A80086E4F5 /* NetworkProviderMock.swift in Sources */,
				0F87C0632281864300910EA7 /* CatBreedDetailsViewModel.swift in Sources */,
				0F55FB782280ABA2003351DE /* Coordinator.swift in Sources */,
				EA7B2E612281E3F10086E4F5 /* CatBreedResponse.swift in Sources */,
				0F896A4B2280A8EC001DC6ED /* AppCoordinator.swift in Sources */,
				0F87C06C2281A6C300910EA7 /* CatBreedTableViewCell.swift in Sources */,
				0F9873D7228037600075AB2B /* CatBreedsViewController.swift in Sources */,
				EA7B2E5F2281D6630086E4F5 /* NetworkProviderImpl.swift in Sources */,
				0F9873D5228037600075AB2B /* AppDelegate.swift in Sources */,
				0F87C06522819EF400910EA7 /* CatBreedsViewModelImpl.swift in Sources */,
				EA7B2E552280E4EC0086E4F5 /* NetworkProvider.swift in Sources */,
				EA7B2E592280E93D0086E4F5 /* SampleData.swift in Sources */,
			);
			runOnlyForDeploymentPostprocessing = 0;
		};
		0F9873E1228037620075AB2B /* Sources */ = {
			isa = PBXSourcesBuildPhase;
			buildActionMask = 2147483647;
			files = (
				0F9873EA228037620075AB2B /* CatFactsTests.swift in Sources */,
				EA7B2E4D2280DA050086E4F5 /* SampleData.swift in Sources */,
				EA7B2E4A2280D9D00086E4F5 /* CatBreedTests.swift in Sources */,
				EA7B2E5C2280ED9A0086E4F5 /* NetworkProviderMock.swift in Sources */,
			);
			runOnlyForDeploymentPostprocessing = 0;
		};
/* End PBXSourcesBuildPhase section */

/* Begin PBXTargetDependency section */
		0F9873E7228037620075AB2B /* PBXTargetDependency */ = {
			isa = PBXTargetDependency;
			target = 0F9873D0228037600075AB2B /* CatFacts */;
			targetProxy = 0F9873E6228037620075AB2B /* PBXContainerItemProxy */;
		};
/* End PBXTargetDependency section */

/* Begin PBXVariantGroup section */
		0FAB95BB2280A3E900BCD392 /* LaunchScreen.storyboard */ = {
			isa = PBXVariantGroup;
			children = (
				0FAB95BC2280A3E900BCD392 /* Base */,
			);
			name = LaunchScreen.storyboard;
			sourceTree = "<group>";
		};
		0FAB95C12280A41800BCD392 /* Localizable.strings */ = {
			isa = PBXVariantGroup;
			children = (
				0FAB95C22280A41800BCD392 /* Base */,
			);
			name = Localizable.strings;
			sourceTree = "<group>";
		};
/* End PBXVariantGroup section */

/* Begin XCBuildConfiguration section */
		0F9873EC228037620075AB2B /* Debug */ = {
			isa = XCBuildConfiguration;
			buildSettings = {
				ALWAYS_SEARCH_USER_PATHS = NO;
				CLANG_ANALYZER_NONNULL = YES;
				CLANG_ANALYZER_NUMBER_OBJECT_CONVERSION = YES_AGGRESSIVE;
				CLANG_CXX_LANGUAGE_STANDARD = "gnu++14";
				CLANG_CXX_LIBRARY = "libc++";
				CLANG_ENABLE_MODULES = YES;
				CLANG_ENABLE_OBJC_ARC = YES;
				CLANG_ENABLE_OBJC_WEAK = YES;
				CLANG_WARN_BLOCK_CAPTURE_AUTORELEASING = YES;
				CLANG_WARN_BOOL_CONVERSION = YES;
				CLANG_WARN_COMMA = YES;
				CLANG_WARN_CONSTANT_CONVERSION = YES;
				CLANG_WARN_DEPRECATED_OBJC_IMPLEMENTATIONS = YES;
				CLANG_WARN_DIRECT_OBJC_ISA_USAGE = YES_ERROR;
				CLANG_WARN_DOCUMENTATION_COMMENTS = YES;
				CLANG_WARN_EMPTY_BODY = YES;
				CLANG_WARN_ENUM_CONVERSION = YES;
				CLANG_WARN_INFINITE_RECURSION = YES;
				CLANG_WARN_INT_CONVERSION = YES;
				CLANG_WARN_NON_LITERAL_NULL_CONVERSION = YES;
				CLANG_WARN_OBJC_IMPLICIT_RETAIN_SELF = YES;
				CLANG_WARN_OBJC_LITERAL_CONVERSION = YES;
				CLANG_WARN_OBJC_ROOT_CLASS = YES_ERROR;
				CLANG_WARN_RANGE_LOOP_ANALYSIS = YES;
				CLANG_WARN_STRICT_PROTOTYPES = YES;
				CLANG_WARN_SUSPICIOUS_MOVE = YES;
				CLANG_WARN_UNGUARDED_AVAILABILITY = YES_AGGRESSIVE;
				CLANG_WARN_UNREACHABLE_CODE = YES;
				CLANG_WARN__DUPLICATE_METHOD_MATCH = YES;
				CODE_SIGN_IDENTITY = "iPhone Developer";
				COPY_PHASE_STRIP = NO;
				DEBUG_INFORMATION_FORMAT = dwarf;
				ENABLE_STRICT_OBJC_MSGSEND = YES;
				ENABLE_TESTABILITY = YES;
				GCC_C_LANGUAGE_STANDARD = gnu11;
				GCC_DYNAMIC_NO_PIC = NO;
				GCC_NO_COMMON_BLOCKS = YES;
				GCC_OPTIMIZATION_LEVEL = 0;
				GCC_PREPROCESSOR_DEFINITIONS = (
					"DEBUG=1",
					"$(inherited)",
				);
				GCC_WARN_64_TO_32_BIT_CONVERSION = YES;
				GCC_WARN_ABOUT_RETURN_TYPE = YES_ERROR;
				GCC_WARN_UNDECLARED_SELECTOR = YES;
				GCC_WARN_UNINITIALIZED_AUTOS = YES_AGGRESSIVE;
				GCC_WARN_UNUSED_FUNCTION = YES;
				GCC_WARN_UNUSED_VARIABLE = YES;
				IPHONEOS_DEPLOYMENT_TARGET = 12.1;
				MTL_ENABLE_DEBUG_INFO = INCLUDE_SOURCE;
				MTL_FAST_MATH = YES;
				ONLY_ACTIVE_ARCH = YES;
				SDKROOT = iphoneos;
				SWIFT_ACTIVE_COMPILATION_CONDITIONS = DEBUG;
				SWIFT_OPTIMIZATION_LEVEL = "-Onone";
			};
			name = Debug;
		};
		0F9873ED228037620075AB2B /* Release */ = {
			isa = XCBuildConfiguration;
			buildSettings = {
				ALWAYS_SEARCH_USER_PATHS = NO;
				CLANG_ANALYZER_NONNULL = YES;
				CLANG_ANALYZER_NUMBER_OBJECT_CONVERSION = YES_AGGRESSIVE;
				CLANG_CXX_LANGUAGE_STANDARD = "gnu++14";
				CLANG_CXX_LIBRARY = "libc++";
				CLANG_ENABLE_MODULES = YES;
				CLANG_ENABLE_OBJC_ARC = YES;
				CLANG_ENABLE_OBJC_WEAK = YES;
				CLANG_WARN_BLOCK_CAPTURE_AUTORELEASING = YES;
				CLANG_WARN_BOOL_CONVERSION = YES;
				CLANG_WARN_COMMA = YES;
				CLANG_WARN_CONSTANT_CONVERSION = YES;
				CLANG_WARN_DEPRECATED_OBJC_IMPLEMENTATIONS = YES;
				CLANG_WARN_DIRECT_OBJC_ISA_USAGE = YES_ERROR;
				CLANG_WARN_DOCUMENTATION_COMMENTS = YES;
				CLANG_WARN_EMPTY_BODY = YES;
				CLANG_WARN_ENUM_CONVERSION = YES;
				CLANG_WARN_INFINITE_RECURSION = YES;
				CLANG_WARN_INT_CONVERSION = YES;
				CLANG_WARN_NON_LITERAL_NULL_CONVERSION = YES;
				CLANG_WARN_OBJC_IMPLICIT_RETAIN_SELF = YES;
				CLANG_WARN_OBJC_LITERAL_CONVERSION = YES;
				CLANG_WARN_OBJC_ROOT_CLASS = YES_ERROR;
				CLANG_WARN_RANGE_LOOP_ANALYSIS = YES;
				CLANG_WARN_STRICT_PROTOTYPES = YES;
				CLANG_WARN_SUSPICIOUS_MOVE = YES;
				CLANG_WARN_UNGUARDED_AVAILABILITY = YES_AGGRESSIVE;
				CLANG_WARN_UNREACHABLE_CODE = YES;
				CLANG_WARN__DUPLICATE_METHOD_MATCH = YES;
				CODE_SIGN_IDENTITY = "iPhone Developer";
				COPY_PHASE_STRIP = NO;
				DEBUG_INFORMATION_FORMAT = "dwarf-with-dsym";
				ENABLE_NS_ASSERTIONS = NO;
				ENABLE_STRICT_OBJC_MSGSEND = YES;
				GCC_C_LANGUAGE_STANDARD = gnu11;
				GCC_NO_COMMON_BLOCKS = YES;
				GCC_WARN_64_TO_32_BIT_CONVERSION = YES;
				GCC_WARN_ABOUT_RETURN_TYPE = YES_ERROR;
				GCC_WARN_UNDECLARED_SELECTOR = YES;
				GCC_WARN_UNINITIALIZED_AUTOS = YES_AGGRESSIVE;
				GCC_WARN_UNUSED_FUNCTION = YES;
				GCC_WARN_UNUSED_VARIABLE = YES;
				IPHONEOS_DEPLOYMENT_TARGET = 12.1;
				MTL_ENABLE_DEBUG_INFO = NO;
				MTL_FAST_MATH = YES;
				SDKROOT = iphoneos;
				SWIFT_COMPILATION_MODE = wholemodule;
				SWIFT_OPTIMIZATION_LEVEL = "-O";
				VALIDATE_PRODUCT = YES;
			};
			name = Release;
		};
		0F9873EF228037620075AB2B /* Debug */ = {
			isa = XCBuildConfiguration;
			baseConfigurationReference = 95B053DB94C60AA5CB378404 /* Pods-CatFacts.debug.xcconfig */;
			buildSettings = {
				ALWAYS_EMBED_SWIFT_STANDARD_LIBRARIES = "$(inherited)";
				ASSETCATALOG_COMPILER_APPICON_NAME = AppIcon;
				CODE_SIGN_STYLE = Automatic;
				DEVELOPMENT_TEAM = R547MT37NR;
				INFOPLIST_FILE = "$(SRCROOT)/CatFacts/Resources/Info.plist";
				IPHONEOS_DEPLOYMENT_TARGET = 12.0;
				LD_RUNPATH_SEARCH_PATHS = (
					"$(inherited)",
					"@executable_path/Frameworks",
				);
				PRODUCT_BUNDLE_IDENTIFIER = io.swingdev.workshopmk4;
				PRODUCT_NAME = "$(TARGET_NAME)";
				SWIFT_VERSION = 4.2;
				TARGETED_DEVICE_FAMILY = "1,2";
			};
			name = Debug;
		};
		0F9873F0228037620075AB2B /* Release */ = {
			isa = XCBuildConfiguration;
			baseConfigurationReference = 6C43AE9063032E114AC63B24 /* Pods-CatFacts.release.xcconfig */;
			buildSettings = {
				ALWAYS_EMBED_SWIFT_STANDARD_LIBRARIES = "$(inherited)";
				ASSETCATALOG_COMPILER_APPICON_NAME = AppIcon;
				CODE_SIGN_STYLE = Automatic;
				DEVELOPMENT_TEAM = R547MT37NR;
				INFOPLIST_FILE = "$(SRCROOT)/CatFacts/Resources/Info.plist";
				IPHONEOS_DEPLOYMENT_TARGET = 12.0;
				LD_RUNPATH_SEARCH_PATHS = (
					"$(inherited)",
					"@executable_path/Frameworks",
				);
				PRODUCT_BUNDLE_IDENTIFIER = io.swingdev.workshopmk4;
				PRODUCT_NAME = "$(TARGET_NAME)";
				SWIFT_VERSION = 4.2;
				TARGETED_DEVICE_FAMILY = "1,2";
			};
			name = Release;
		};
		0F9873F2228037620075AB2B /* Debug */ = {
			isa = XCBuildConfiguration;
			baseConfigurationReference = 10785681283AC5123FE5B527 /* Pods-CatFacts-CatFactsTests.debug.xcconfig */;
			buildSettings = {
				ALWAYS_EMBED_SWIFT_STANDARD_LIBRARIES = "$(inherited)";
				BUNDLE_LOADER = "$(TEST_HOST)";
				CODE_SIGN_STYLE = Automatic;
				DEVELOPMENT_TEAM = R547MT37NR;
				INFOPLIST_FILE = CatFactsTests/Info.plist;
				LD_RUNPATH_SEARCH_PATHS = (
					"$(inherited)",
					"@executable_path/Frameworks",
					"@loader_path/Frameworks",
				);
				OTHER_SWIFT_FLAGS = "$(inherited) -D COCOAPODS -D TEST";
				PRODUCT_BUNDLE_IDENTIFIER = io.swingdev.CatFactsTests;
				PRODUCT_NAME = "$(TARGET_NAME)";
				SWIFT_VERSION = 4.2;
				TARGETED_DEVICE_FAMILY = "1,2";
				TEST_HOST = "$(BUILT_PRODUCTS_DIR)/CatFacts.app/CatFacts";
			};
			name = Debug;
		};
		0F9873F3228037620075AB2B /* Release */ = {
			isa = XCBuildConfiguration;
			baseConfigurationReference = 7A59C02656AE6682CC7C293B /* Pods-CatFacts-CatFactsTests.release.xcconfig */;
			buildSettings = {
				ALWAYS_EMBED_SWIFT_STANDARD_LIBRARIES = "$(inherited)";
				BUNDLE_LOADER = "$(TEST_HOST)";
				CODE_SIGN_STYLE = Automatic;
				DEVELOPMENT_TEAM = R547MT37NR;
				INFOPLIST_FILE = CatFactsTests/Info.plist;
				LD_RUNPATH_SEARCH_PATHS = (
					"$(inherited)",
					"@executable_path/Frameworks",
					"@loader_path/Frameworks",
				);
				OTHER_SWIFT_FLAGS = "$(inherited) -D COCOAPODS -D TEST";
				PRODUCT_BUNDLE_IDENTIFIER = io.swingdev.CatFactsTests;
				PRODUCT_NAME = "$(TARGET_NAME)";
				SWIFT_VERSION = 4.2;
				TARGETED_DEVICE_FAMILY = "1,2";
				TEST_HOST = "$(BUILT_PRODUCTS_DIR)/CatFacts.app/CatFacts";
			};
			name = Release;
		};
/* End XCBuildConfiguration section */

/* Begin XCConfigurationList section */
		0F9873CC228037600075AB2B /* Build configuration list for PBXProject "CatFacts" */ = {
			isa = XCConfigurationList;
			buildConfigurations = (
				0F9873EC228037620075AB2B /* Debug */,
				0F9873ED228037620075AB2B /* Release */,
			);
			defaultConfigurationIsVisible = 0;
			defaultConfigurationName = Release;
		};
		0F9873EE228037620075AB2B /* Build configuration list for PBXNativeTarget "CatFacts" */ = {
			isa = XCConfigurationList;
			buildConfigurations = (
				0F9873EF228037620075AB2B /* Debug */,
				0F9873F0228037620075AB2B /* Release */,
			);
			defaultConfigurationIsVisible = 0;
			defaultConfigurationName = Release;
		};
		0F9873F1228037620075AB2B /* Build configuration list for PBXNativeTarget "CatFactsTests" */ = {
			isa = XCConfigurationList;
			buildConfigurations = (
				0F9873F2228037620075AB2B /* Debug */,
				0F9873F3228037620075AB2B /* Release */,
			);
			defaultConfigurationIsVisible = 0;
			defaultConfigurationName = Release;
		};
/* End XCConfigurationList section */
	};
	rootObject = 0F9873C9228037600075AB2B /* Project object */;
}
